// !$*UTF8*$!
{
	archiveVersion = 1;
	classes = {
	};
	objectVersion = 46;
	objects = {

/* Begin PBXBuildFile section */
		E71EE76C18E8F522009B7954 /* Cocoa.framework in Frameworks */ = {isa = PBXBuildFile; fileRef = E71EE76B18E8F522009B7954 /* Cocoa.framework */; };
		E71EE77618E8F522009B7954 /* InfoPlist.strings in Resources */ = {isa = PBXBuildFile; fileRef = E71EE77418E8F522009B7954 /* InfoPlist.strings */; };
		E71EE77818E8F522009B7954 /* main.m in Sources */ = {isa = PBXBuildFile; fileRef = E71EE77718E8F522009B7954 /* main.m */; };
		E71EE77C18E8F522009B7954 /* Credits.rtf in Resources */ = {isa = PBXBuildFile; fileRef = E71EE77A18E8F522009B7954 /* Credits.rtf */; };
		E71EE77F18E8F522009B7954 /* OCTAppDelegate.m in Sources */ = {isa = PBXBuildFile; fileRef = E71EE77E18E8F522009B7954 /* OCTAppDelegate.m */; };
		E71EE78218E8F522009B7954 /* MainMenu.xib in Resources */ = {isa = PBXBuildFile; fileRef = E71EE78018E8F522009B7954 /* MainMenu.xib */; };
		E71EE78418E8F522009B7954 /* Images.xcassets in Resources */ = {isa = PBXBuildFile; fileRef = E71EE78318E8F522009B7954 /* Images.xcassets */; };
		E71EE78B18E8F522009B7954 /* XCTest.framework in Frameworks */ = {isa = PBXBuildFile; fileRef = E71EE78A18E8F522009B7954 /* XCTest.framework */; };
		E71EE78C18E8F522009B7954 /* Cocoa.framework in Frameworks */ = {isa = PBXBuildFile; fileRef = E71EE76B18E8F522009B7954 /* Cocoa.framework */; };
		E71EE79418E8F522009B7954 /* InfoPlist.strings in Resources */ = {isa = PBXBuildFile; fileRef = E71EE79218E8F522009B7954 /* InfoPlist.strings */; };
		E71EE79618E8F522009B7954 /* OctoStarTests.m in Sources */ = {isa = PBXBuildFile; fileRef = E71EE79518E8F522009B7954 /* OctoStarTests.m */; };
/* End PBXBuildFile section */

/* Begin PBXContainerItemProxy section */
		E71EE78D18E8F522009B7954 /* PBXContainerItemProxy */ = {
			isa = PBXContainerItemProxy;
			containerPortal = E71EE76018E8F522009B7954 /* Project object */;
			proxyType = 1;
			remoteGlobalIDString = E71EE76718E8F522009B7954;
			remoteInfo = OctoStar;
		};
/* End PBXContainerItemProxy section */

/* Begin PBXFileReference section */
		E71EE76818E8F522009B7954 /* OctoStar.app */ = {isa = PBXFileReference; explicitFileType = wrapper.application; includeInIndex = 0; path = OctoStar.app; sourceTree = BUILT_PRODUCTS_DIR; };
		E71EE76B18E8F522009B7954 /* Cocoa.framework */ = {isa = PBXFileReference; lastKnownFileType = wrapper.framework; name = Cocoa.framework; path = System/Library/Frameworks/Cocoa.framework; sourceTree = SDKROOT; };
		E71EE76E18E8F522009B7954 /* AppKit.framework */ = {isa = PBXFileReference; lastKnownFileType = wrapper.framework; name = AppKit.framework; path = System/Library/Frameworks/AppKit.framework; sourceTree = SDKROOT; };
		E71EE76F18E8F522009B7954 /* CoreData.framework */ = {isa = PBXFileReference; lastKnownFileType = wrapper.framework; name = CoreData.framework; path = System/Library/Frameworks/CoreData.framework; sourceTree = SDKROOT; };
		E71EE77018E8F522009B7954 /* Foundation.framework */ = {isa = PBXFileReference; lastKnownFileType = wrapper.framework; name = Foundation.framework; path = System/Library/Frameworks/Foundation.framework; sourceTree = SDKROOT; };
		E71EE77318E8F522009B7954 /* OctoStar-Info.plist */ = {isa = PBXFileReference; lastKnownFileType = text.plist.xml; path = "OctoStar-Info.plist"; sourceTree = "<group>"; };
		E71EE77518E8F522009B7954 /* en */ = {isa = PBXFileReference; lastKnownFileType = text.plist.strings; name = en; path = en.lproj/InfoPlist.strings; sourceTree = "<group>"; };
		E71EE77718E8F522009B7954 /* main.m */ = {isa = PBXFileReference; lastKnownFileType = sourcecode.c.objc; path = main.m; sourceTree = "<group>"; };
		E71EE77918E8F522009B7954 /* OctoStar-Prefix.pch */ = {isa = PBXFileReference; lastKnownFileType = sourcecode.c.h; path = "OctoStar-Prefix.pch"; sourceTree = "<group>"; };
		E71EE77B18E8F522009B7954 /* en */ = {isa = PBXFileReference; lastKnownFileType = text.rtf; name = en; path = en.lproj/Credits.rtf; sourceTree = "<group>"; };
		E71EE77D18E8F522009B7954 /* OCTAppDelegate.h */ = {isa = PBXFileReference; lastKnownFileType = sourcecode.c.h; path = OCTAppDelegate.h; sourceTree = "<group>"; };
		E71EE77E18E8F522009B7954 /* OCTAppDelegate.m */ = {isa = PBXFileReference; lastKnownFileType = sourcecode.c.objc; path = OCTAppDelegate.m; sourceTree = "<group>"; };
		E71EE78118E8F522009B7954 /* Base */ = {isa = PBXFileReference; lastKnownFileType = file.xib; name = Base; path = Base.lproj/MainMenu.xib; sourceTree = "<group>"; };
		E71EE78318E8F522009B7954 /* Images.xcassets */ = {isa = PBXFileReference; lastKnownFileType = folder.assetcatalog; path = Images.xcassets; sourceTree = "<group>"; };
		E71EE78918E8F522009B7954 /* OctoStarTests.xctest */ = {isa = PBXFileReference; explicitFileType = wrapper.cfbundle; includeInIndex = 0; path = OctoStarTests.xctest; sourceTree = BUILT_PRODUCTS_DIR; };
		E71EE78A18E8F522009B7954 /* XCTest.framework */ = {isa = PBXFileReference; lastKnownFileType = wrapper.framework; name = XCTest.framework; path = Library/Frameworks/XCTest.framework; sourceTree = DEVELOPER_DIR; };
		E71EE79118E8F522009B7954 /* OctoStarTests-Info.plist */ = {isa = PBXFileReference; lastKnownFileType = text.plist.xml; path = "OctoStarTests-Info.plist"; sourceTree = "<group>"; };
		E71EE79318E8F522009B7954 /* en */ = {isa = PBXFileReference; lastKnownFileType = text.plist.strings; name = en; path = en.lproj/InfoPlist.strings; sourceTree = "<group>"; };
		E71EE79518E8F522009B7954 /* OctoStarTests.m */ = {isa = PBXFileReference; lastKnownFileType = sourcecode.c.objc; path = OctoStarTests.m; sourceTree = "<group>"; };
/* End PBXFileReference section */

/* Begin PBXFrameworksBuildPhase section */
		E71EE76518E8F522009B7954 /* Frameworks */ = {
			isa = PBXFrameworksBuildPhase;
			buildActionMask = 2147483647;
			files = (
				E71EE76C18E8F522009B7954 /* Cocoa.framework in Frameworks */,
			);
			runOnlyForDeploymentPostprocessing = 0;
		};
		E71EE78618E8F522009B7954 /* Frameworks */ = {
			isa = PBXFrameworksBuildPhase;
			buildActionMask = 2147483647;
			files = (
				E71EE78C18E8F522009B7954 /* Cocoa.framework in Frameworks */,
				E71EE78B18E8F522009B7954 /* XCTest.framework in Frameworks */,
			);
			runOnlyForDeploymentPostprocessing = 0;
		};
/* End PBXFrameworksBuildPhase section */

/* Begin PBXGroup section */
		E71EE75F18E8F522009B7954 = {
			isa = PBXGroup;
			children = (
				E71EE77118E8F522009B7954 /* OctoStar */,
				E71EE78F18E8F522009B7954 /* OctoStarTests */,
				E71EE76A18E8F522009B7954 /* Frameworks */,
				E71EE76918E8F522009B7954 /* Products */,
			);
			sourceTree = "<group>";
		};
		E71EE76918E8F522009B7954 /* Products */ = {
			isa = PBXGroup;
			children = (
				E71EE76818E8F522009B7954 /* OctoStar.app */,
				E71EE78918E8F522009B7954 /* OctoStarTests.xctest */,
			);
			name = Products;
			sourceTree = "<group>";
		};
		E71EE76A18E8F522009B7954 /* Frameworks */ = {
			isa = PBXGroup;
			children = (
				E71EE76B18E8F522009B7954 /* Cocoa.framework */,
				E71EE78A18E8F522009B7954 /* XCTest.framework */,
				E71EE76D18E8F522009B7954 /* Other Frameworks */,
			);
			name = Frameworks;
			sourceTree = "<group>";
		};
		E71EE76D18E8F522009B7954 /* Other Frameworks */ = {
			isa = PBXGroup;
			children = (
				E71EE76E18E8F522009B7954 /* AppKit.framework */,
				E71EE76F18E8F522009B7954 /* CoreData.framework */,
				E71EE77018E8F522009B7954 /* Foundation.framework */,
			);
			name = "Other Frameworks";
			sourceTree = "<group>";
		};
		E71EE77118E8F522009B7954 /* OctoStar */ = {
			isa = PBXGroup;
			children = (
				E71EE77D18E8F522009B7954 /* OCTAppDelegate.h */,
				E71EE77E18E8F522009B7954 /* OCTAppDelegate.m */,
				E71EE78018E8F522009B7954 /* MainMenu.xib */,
				E71EE78318E8F522009B7954 /* Images.xcassets */,
				E71EE77218E8F522009B7954 /* Supporting Files */,
			);
			path = OctoStar;
			sourceTree = "<group>";
		};
		E71EE77218E8F522009B7954 /* Supporting Files */ = {
			isa = PBXGroup;
			children = (
				E71EE77318E8F522009B7954 /* OctoStar-Info.plist */,
				E71EE77418E8F522009B7954 /* InfoPlist.strings */,
				E71EE77718E8F522009B7954 /* main.m */,
				E71EE77918E8F522009B7954 /* OctoStar-Prefix.pch */,
				E71EE77A18E8F522009B7954 /* Credits.rtf */,
			);
			name = "Supporting Files";
			sourceTree = "<group>";
		};
		E71EE78F18E8F522009B7954 /* OctoStarTests */ = {
			isa = PBXGroup;
			children = (
				E71EE79518E8F522009B7954 /* OctoStarTests.m */,
				E71EE79018E8F522009B7954 /* Supporting Files */,
			);
			path = OctoStarTests;
			sourceTree = "<group>";
		};
		E71EE79018E8F522009B7954 /* Supporting Files */ = {
			isa = PBXGroup;
			children = (
				E71EE79118E8F522009B7954 /* OctoStarTests-Info.plist */,
				E71EE79218E8F522009B7954 /* InfoPlist.strings */,
			);
			name = "Supporting Files";
			sourceTree = "<group>";
		};
/* End PBXGroup section */

/* Begin PBXNativeTarget section */
		E71EE76718E8F522009B7954 /* OctoStar */ = {
			isa = PBXNativeTarget;
			buildConfigurationList = E71EE79918E8F522009B7954 /* Build configuration list for PBXNativeTarget "OctoStar" */;
			buildPhases = (
				E71EE76418E8F522009B7954 /* Sources */,
				E71EE76518E8F522009B7954 /* Frameworks */,
				E71EE76618E8F522009B7954 /* Resources */,
			);
			buildRules = (
			);
			dependencies = (
			);
			name = OctoStar;
			productName = OctoStar;
			productReference = E71EE76818E8F522009B7954 /* OctoStar.app */;
			productType = "com.apple.product-type.application";
		};
		E71EE78818E8F522009B7954 /* OctoStarTests */ = {
			isa = PBXNativeTarget;
			buildConfigurationList = E71EE79C18E8F522009B7954 /* Build configuration list for PBXNativeTarget "OctoStarTests" */;
			buildPhases = (
				E71EE78518E8F522009B7954 /* Sources */,
				E71EE78618E8F522009B7954 /* Frameworks */,
				E71EE78718E8F522009B7954 /* Resources */,
			);
			buildRules = (
			);
			dependencies = (
				E71EE78E18E8F522009B7954 /* PBXTargetDependency */,
			);
			name = OctoStarTests;
			productName = OctoStarTests;
			productReference = E71EE78918E8F522009B7954 /* OctoStarTests.xctest */;
			productType = "com.apple.product-type.bundle.unit-test";
		};
/* End PBXNativeTarget section */

/* Begin PBXProject section */
		E71EE76018E8F522009B7954 /* Project object */ = {
			isa = PBXProject;
			attributes = {
				CLASSPREFIX = OCT;
				LastUpgradeCheck = 0510;
				ORGANIZATIONNAME = "Fabián Cañas";
				TargetAttributes = {
					E71EE78818E8F522009B7954 = {
						TestTargetID = E71EE76718E8F522009B7954;
					};
				};
			};
			buildConfigurationList = E71EE76318E8F522009B7954 /* Build configuration list for PBXProject "OctoStar" */;
			compatibilityVersion = "Xcode 3.2";
			developmentRegion = English;
			hasScannedForEncodings = 0;
			knownRegions = (
				en,
				Base,
			);
			mainGroup = E71EE75F18E8F522009B7954;
			productRefGroup = E71EE76918E8F522009B7954 /* Products */;
			projectDirPath = "";
			projectRoot = "";
			targets = (
				E71EE76718E8F522009B7954 /* OctoStar */,
				E71EE78818E8F522009B7954 /* OctoStarTests */,
			);
		};
/* End PBXProject section */

/* Begin PBXResourcesBuildPhase section */
		E71EE76618E8F522009B7954 /* Resources */ = {
			isa = PBXResourcesBuildPhase;
			buildActionMask = 2147483647;
			files = (
				E71EE77618E8F522009B7954 /* InfoPlist.strings in Resources */,
				E71EE78418E8F522009B7954 /* Images.xcassets in Resources */,
				E71EE77C18E8F522009B7954 /* Credits.rtf in Resources */,
				E71EE78218E8F522009B7954 /* MainMenu.xib in Resources */,
			);
			runOnlyForDeploymentPostprocessing = 0;
		};
		E71EE78718E8F522009B7954 /* Resources */ = {
			isa = PBXResourcesBuildPhase;
			buildActionMask = 2147483647;
			files = (
				E71EE79418E8F522009B7954 /* InfoPlist.strings in Resources */,
			);
			runOnlyForDeploymentPostprocessing = 0;
		};
/* End PBXResourcesBuildPhase section */

/* Begin PBXSourcesBuildPhase section */
		E71EE76418E8F522009B7954 /* Sources */ = {
			isa = PBXSourcesBuildPhase;
			buildActionMask = 2147483647;
			files = (
				E71EE77818E8F522009B7954 /* main.m in Sources */,
				E71EE77F18E8F522009B7954 /* OCTAppDelegate.m in Sources */,
			);
			runOnlyForDeploymentPostprocessing = 0;
		};
		E71EE78518E8F522009B7954 /* Sources */ = {
			isa = PBXSourcesBuildPhase;
			buildActionMask = 2147483647;
			files = (
				E71EE79618E8F522009B7954 /* OctoStarTests.m in Sources */,
			);
			runOnlyForDeploymentPostprocessing = 0;
		};
/* End PBXSourcesBuildPhase section */

/* Begin PBXTargetDependency section */
		E71EE78E18E8F522009B7954 /* PBXTargetDependency */ = {
			isa = PBXTargetDependency;
			target = E71EE76718E8F522009B7954 /* OctoStar */;
			targetProxy = E71EE78D18E8F522009B7954 /* PBXContainerItemProxy */;
		};
/* End PBXTargetDependency section */

/* Begin PBXVariantGroup section */
		E71EE77418E8F522009B7954 /* InfoPlist.strings */ = {
			isa = PBXVariantGroup;
			children = (
				E71EE77518E8F522009B7954 /* en */,
			);
			name = InfoPlist.strings;
			sourceTree = "<group>";
		};
		E71EE77A18E8F522009B7954 /* Credits.rtf */ = {
			isa = PBXVariantGroup;
			children = (
				E71EE77B18E8F522009B7954 /* en */,
			);
			name = Credits.rtf;
			sourceTree = "<group>";
		};
		E71EE78018E8F522009B7954 /* MainMenu.xib */ = {
			isa = PBXVariantGroup;
			children = (
				E71EE78118E8F522009B7954 /* Base */,
			);
			name = MainMenu.xib;
			sourceTree = "<group>";
		};
		E71EE79218E8F522009B7954 /* InfoPlist.strings */ = {
			isa = PBXVariantGroup;
			children = (
				E71EE79318E8F522009B7954 /* en */,
			);
			name = InfoPlist.strings;
			sourceTree = "<group>";
		};
/* End PBXVariantGroup section */

/* Begin XCBuildConfiguration section */
		E71EE79718E8F522009B7954 /* Debug */ = {
			isa = XCBuildConfiguration;
			buildSettings = {
				ALWAYS_SEARCH_USER_PATHS = NO;
				CLANG_CXX_LANGUAGE_STANDARD = "gnu++0x";
				CLANG_CXX_LIBRARY = "libc++";
				CLANG_ENABLE_MODULES = YES;
				CLANG_ENABLE_OBJC_ARC = YES;
				CLANG_WARN_BOOL_CONVERSION = YES;
				CLANG_WARN_CONSTANT_CONVERSION = YES;
				CLANG_WARN_DIRECT_OBJC_ISA_USAGE = YES_ERROR;
				CLANG_WARN_EMPTY_BODY = YES;
				CLANG_WARN_ENUM_CONVERSION = YES;
				CLANG_WARN_INT_CONVERSION = YES;
				CLANG_WARN_OBJC_ROOT_CLASS = YES_ERROR;
				CLANG_WARN__DUPLICATE_METHOD_MATCH = YES;
				COPY_PHASE_STRIP = NO;
				GCC_C_LANGUAGE_STANDARD = gnu99;
				GCC_DYNAMIC_NO_PIC = NO;
				GCC_ENABLE_OBJC_EXCEPTIONS = YES;
				GCC_OPTIMIZATION_LEVEL = 0;
				GCC_PREPROCESSOR_DEFINITIONS = (
					"DEBUG=1",
					"$(inherited)",
				);
				GCC_SYMBOLS_PRIVATE_EXTERN = NO;
				GCC_WARN_64_TO_32_BIT_CONVERSION = YES;
				GCC_WARN_ABOUT_RETURN_TYPE = YES_ERROR;
				GCC_WARN_UNDECLARED_SELECTOR = YES;
				GCC_WARN_UNINITIALIZED_AUTOS = YES_AGGRESSIVE;
				GCC_WARN_UNUSED_FUNCTION = YES;
				GCC_WARN_UNUSED_VARIABLE = YES;
				MACOSX_DEPLOYMENT_TARGET = 10.9;
				ONLY_ACTIVE_ARCH = YES;
				SDKROOT = macosx;
			};
			name = Debug;
		};
		E71EE79818E8F522009B7954 /* Release */ = {
			isa = XCBuildConfiguration;
			buildSettings = {
				ALWAYS_SEARCH_USER_PATHS = NO;
				CLANG_CXX_LANGUAGE_STANDARD = "gnu++0x";
				CLANG_CXX_LIBRARY = "libc++";
				CLANG_ENABLE_MODULES = YES;
				CLANG_ENABLE_OBJC_ARC = YES;
				CLANG_WARN_BOOL_CONVERSION = YES;
				CLANG_WARN_CONSTANT_CONVERSION = YES;
				CLANG_WARN_DIRECT_OBJC_ISA_USAGE = YES_ERROR;
				CLANG_WARN_EMPTY_BODY = YES;
				CLANG_WARN_ENUM_CONVERSION = YES;
				CLANG_WARN_INT_CONVERSION = YES;
				CLANG_WARN_OBJC_ROOT_CLASS = YES_ERROR;
				CLANG_WARN__DUPLICATE_METHOD_MATCH = YES;
				COPY_PHASE_STRIP = YES;
				DEBUG_INFORMATION_FORMAT = "dwarf-with-dsym";
				ENABLE_NS_ASSERTIONS = NO;
				GCC_C_LANGUAGE_STANDARD = gnu99;
				GCC_ENABLE_OBJC_EXCEPTIONS = YES;
				GCC_WARN_64_TO_32_BIT_CONVERSION = YES;
				GCC_WARN_ABOUT_RETURN_TYPE = YES_ERROR;
				GCC_WARN_UNDECLARED_SELECTOR = YES;
				GCC_WARN_UNINITIALIZED_AUTOS = YES_AGGRESSIVE;
				GCC_WARN_UNUSED_FUNCTION = YES;
				GCC_WARN_UNUSED_VARIABLE = YES;
				MACOSX_DEPLOYMENT_TARGET = 10.9;
				SDKROOT = macosx;
			};
			name = Release;
		};
		E71EE79A18E8F522009B7954 /* Debug */ = {
			isa = XCBuildConfiguration;
			buildSettings = {
				ASSETCATALOG_COMPILER_APPICON_NAME = AppIcon;
				COMBINE_HIDPI_IMAGES = YES;
				GCC_PRECOMPILE_PREFIX_HEADER = YES;
				GCC_PREFIX_HEADER = "OctoStar/OctoStar-Prefix.pch";
				INFOPLIST_FILE = "OctoStar/OctoStar-Info.plist";
				PRODUCT_NAME = "$(TARGET_NAME)";
				WRAPPER_EXTENSION = app;
			};
			name = Debug;
		};
		E71EE79B18E8F522009B7954 /* Release */ = {
			isa = XCBuildConfiguration;
			buildSettings = {
				ASSETCATALOG_COMPILER_APPICON_NAME = AppIcon;
				COMBINE_HIDPI_IMAGES = YES;
				GCC_PRECOMPILE_PREFIX_HEADER = YES;
				GCC_PREFIX_HEADER = "OctoStar/OctoStar-Prefix.pch";
				INFOPLIST_FILE = "OctoStar/OctoStar-Info.plist";
				PRODUCT_NAME = "$(TARGET_NAME)";
				WRAPPER_EXTENSION = app;
			};
			name = Release;
		};
		E71EE79D18E8F522009B7954 /* Debug */ = {
			isa = XCBuildConfiguration;
			buildSettings = {
				BUNDLE_LOADER = "$(BUILT_PRODUCTS_DIR)/OctoStar.app/Contents/MacOS/OctoStar";
				COMBINE_HIDPI_IMAGES = YES;
				FRAMEWORK_SEARCH_PATHS = (
					"$(DEVELOPER_FRAMEWORKS_DIR)",
					"$(inherited)",
				);
				GCC_PRECOMPILE_PREFIX_HEADER = YES;
				GCC_PREFIX_HEADER = "OctoStar/OctoStar-Prefix.pch";
				GCC_PREPROCESSOR_DEFINITIONS = (
					"DEBUG=1",
					"$(inherited)",
				);
				INFOPLIST_FILE = "OctoStarTests/OctoStarTests-Info.plist";
				PRODUCT_NAME = "$(TARGET_NAME)";
				TEST_HOST = "$(BUNDLE_LOADER)";
				WRAPPER_EXTENSION = xctest;
			};
			name = Debug;
		};
		E71EE79E18E8F522009B7954 /* Release */ = {
			isa = XCBuildConfiguration;
			buildSettings = {
				BUNDLE_LOADER = "$(BUILT_PRODUCTS_DIR)/OctoStar.app/Contents/MacOS/OctoStar";
				COMBINE_HIDPI_IMAGES = YES;
				FRAMEWORK_SEARCH_PATHS = (
					"$(DEVELOPER_FRAMEWORKS_DIR)",
					"$(inherited)",
				);
				GCC_PRECOMPILE_PREFIX_HEADER = YES;
				GCC_PREFIX_HEADER = "OctoStar/OctoStar-Prefix.pch";
				INFOPLIST_FILE = "OctoStarTests/OctoStarTests-Info.plist";
				PRODUCT_NAME = "$(TARGET_NAME)";
				TEST_HOST = "$(BUNDLE_LOADER)";
				WRAPPER_EXTENSION = xctest;
			};
			name = Release;
		};
/* End XCBuildConfiguration section */

/* Begin XCConfigurationList section */
		E71EE76318E8F522009B7954 /* Build configuration list for PBXProject "OctoStar" */ = {
			isa = XCConfigurationList;
			buildConfigurations = (
				E71EE79718E8F522009B7954 /* Debug */,
				E71EE79818E8F522009B7954 /* Release */,
			);
			defaultConfigurationIsVisible = 0;
			defaultConfigurationName = Release;
		};
		E71EE79918E8F522009B7954 /* Build configuration list for PBXNativeTarget "OctoStar" */ = {
			isa = XCConfigurationList;
			buildConfigurations = (
				E71EE79A18E8F522009B7954 /* Debug */,
				E71EE79B18E8F522009B7954 /* Release */,
			);
			defaultConfigurationIsVisible = 0;
		};
		E71EE79C18E8F522009B7954 /* Build configuration list for PBXNativeTarget "OctoStarTests" */ = {
			isa = XCConfigurationList;
			buildConfigurations = (
				E71EE79D18E8F522009B7954 /* Debug */,
				E71EE79E18E8F522009B7954 /* Release */,
			);
			defaultConfigurationIsVisible = 0;
		};
/* End XCConfigurationList section */
	};
	rootObject = E71EE76018E8F522009B7954 /* Project object */;
}
